
Microsoft Visual Studio Solution File, Format Version 12.00
# Visual Studio 15
VisualStudioVersion = 15.0.27130.2003
MinimumVisualStudioVersion = 10.0.40219.1
Project("{FAE04EC0-301F-11D3-BF4B-00C04F79EFBC}") = "Task_5", "Task_5\Task_5.csproj", "{4FE21755-DAF7-4EB5-B787-EE4918F0ABF1}"
EndProject
Global
	GlobalSection(SolutionConfigurationPlatforms) = preSolution
		Debug|Any CPU = Debug|Any CPU
		Release|Any CPU = Release|Any CPU
	EndGlobalSection
	GlobalSection(ProjectConfigurationPlatforms) = postSolution
		{4FE21755-DAF7-4EB5-B787-EE4918F0ABF1}.Debug|Any CPU.ActiveCfg = Debug|Any CPU
		{4FE21755-DAF7-4EB5-B787-EE4918F0ABF1}.Debug|Any CPU.Build.0 = Debug|Any CPU
		{4FE21755-DAF7-4EB5-B787-EE4918F0ABF1}.Release|Any CPU.ActiveCfg = Release|Any CPU
		{4FE21755-DAF7-4EB5-B787-EE4918F0ABF1}.Release|Any CPU.Build.0 = Release|Any CPU
	EndGlobalSection
	GlobalSection(SolutionProperties) = preSolution
		HideSolutionNode = FALSE
	EndGlobalSection
	GlobalSection(ExtensibilityGlobals) = postSolution
		SolutionGuid = {9F334816-CE7E-446D-B29A-B175AE7D9168}
	EndGlobalSection
EndGlobal
